
Microsoft Visual Studio Solution File, Format Version 12.00
# Visual Studio Version 16
VisualStudioVersion = 16.0.32413.511
MinimumVisualStudioVersion = 10.0.40219.1
Project("{FAE04EC0-301F-11D3-BF4B-00C04F79EFBC}") = "Events", "Events\Events.csproj", "{E342B5BA-2569-4A0F-8C8F-DC073AF74A65}"
EndProject
Global
	GlobalSection(SolutionConfigurationPlatforms) = preSolution
		Debug|Any CPU = Debug|Any CPU
		Release|Any CPU = Release|Any CPU
	EndGlobalSection
	GlobalSection(ProjectConfigurationPlatforms) = postSolution
		{E342B5BA-2569-4A0F-8C8F-DC073AF74A65}.Debug|Any CPU.ActiveCfg = Debug|Any CPU
		{E342B5BA-2569-4A0F-8C8F-DC073AF74A65}.Debug|Any CPU.Build.0 = Debug|Any CPU
		{E342B5BA-2569-4A0F-8C8F-DC073AF74A65}.Release|Any CPU.ActiveCfg = Release|Any CPU
		{E342B5BA-2569-4A0F-8C8F-DC073AF74A65}.Release|Any CPU.Build.0 = Release|Any CPU
	EndGlobalSection
	GlobalSection(SolutionProperties) = preSolution
		HideSolutionNode = FALSE
	EndGlobalSection
	GlobalSection(ExtensibilityGlobals) = postSolution
		SolutionGuid = {1854F6DD-618B-4277-94F2-D3C8B1279F9E}
	EndGlobalSection
EndGlobal
